
Microsoft Visual Studio Solution File, Format Version 12.00
# Visual Studio Version 17
VisualStudioVersion = 17.0.31912.275
MinimumVisualStudioVersion = 10.0.40219.1
Project("{FAE04EC0-301F-11D3-BF4B-00C04F79EFBC}") = "Odk.Scheduler", "Odk.Scheduler\Odk.Scheduler.csproj", "{DB3E235B-7C97-4B6C-9B6D-90574040DF98}"
EndProject
Project("{FAE04EC0-301F-11D3-BF4B-00C04F79EFBC}") = "Odk.BluePrism", "Odk.BluePrism\Odk.BluePrism.csproj", "{D444CC47-FDB7-4B13-8BCE-BB1C6E60CE71}"
EndProject
Project("{FAE04EC0-301F-11D3-BF4B-00C04F79EFBC}") = "Odk.Scheduler.Migrations", "Odk.Scheduler.Migrations\Odk.Scheduler.Migrations.csproj", "{39CD8963-1F15-4C95-8759-B453E98BF793}"
EndProject
Project("{FAE04EC0-301F-11D3-BF4B-00C04F79EFBC}") = "Odk.Scheduler.Database", "Odk.Scheduler.Database\Odk.Scheduler.Database.csproj", "{999205B7-147B-445D-8539-895572997AE4}"
EndProject
Global
	GlobalSection(SolutionConfigurationPlatforms) = preSolution
		Debug|Any CPU = Debug|Any CPU
		Release|Any CPU = Release|Any CPU
	EndGlobalSection
	GlobalSection(ProjectConfigurationPlatforms) = postSolution
		{DB3E235B-7C97-4B6C-9B6D-90574040DF98}.Debug|Any CPU.ActiveCfg = Debug|Any CPU
		{DB3E235B-7C97-4B6C-9B6D-90574040DF98}.Debug|Any CPU.Build.0 = Debug|Any CPU
		{DB3E235B-7C97-4B6C-9B6D-90574040DF98}.Release|Any CPU.ActiveCfg = Release|Any CPU
		{DB3E235B-7C97-4B6C-9B6D-90574040DF98}.Release|Any CPU.Build.0 = Release|Any CPU
		{D444CC47-FDB7-4B13-8BCE-BB1C6E60CE71}.Debug|Any CPU.ActiveCfg = Debug|Any CPU
		{D444CC47-FDB7-4B13-8BCE-BB1C6E60CE71}.Debug|Any CPU.Build.0 = Debug|Any CPU
		{D444CC47-FDB7-4B13-8BCE-BB1C6E60CE71}.Release|Any CPU.ActiveCfg = Release|Any CPU
		{D444CC47-FDB7-4B13-8BCE-BB1C6E60CE71}.Release|Any CPU.Build.0 = Release|Any CPU
		{39CD8963-1F15-4C95-8759-B453E98BF793}.Debug|Any CPU.ActiveCfg = Debug|Any CPU
		{39CD8963-1F15-4C95-8759-B453E98BF793}.Debug|Any CPU.Build.0 = Debug|Any CPU
		{39CD8963-1F15-4C95-8759-B453E98BF793}.Release|Any CPU.ActiveCfg = Release|Any CPU
		{39CD8963-1F15-4C95-8759-B453E98BF793}.Release|Any CPU.Build.0 = Release|Any CPU
		{999205B7-147B-445D-8539-895572997AE4}.Debug|Any CPU.ActiveCfg = Debug|Any CPU
		{999205B7-147B-445D-8539-895572997AE4}.Debug|Any CPU.Build.0 = Debug|Any CPU
		{999205B7-147B-445D-8539-895572997AE4}.Release|Any CPU.ActiveCfg = Release|Any CPU
		{999205B7-147B-445D-8539-895572997AE4}.Release|Any CPU.Build.0 = Release|Any CPU
	EndGlobalSection
	GlobalSection(SolutionProperties) = preSolution
		HideSolutionNode = FALSE
	EndGlobalSection
	GlobalSection(ExtensibilityGlobals) = postSolution
		SolutionGuid = {72E9F812-E58B-407F-A260-D9F34B6EE904}
	EndGlobalSection
EndGlobal
